// !$*UTF8*$!
{
	archiveVersion = 1;
	classes = {
	};
	objectVersion = 56;
	objects = {

/* Begin PBXBuildFile section */
		8631EC7C2A6A2DC4005234A0 /* Hole+CoreDataClass.swift in Sources */ = {isa = PBXBuildFile; fileRef = 8631EC782A6A2DC4005234A0 /* Hole+CoreDataClass.swift */; };
		8631EC7D2A6A2DC4005234A0 /* Hole+CoreDataProperties.swift in Sources */ = {isa = PBXBuildFile; fileRef = 8631EC792A6A2DC4005234A0 /* Hole+CoreDataProperties.swift */; };
		8631EC7E2A6A2DC4005234A0 /* Game+CoreDataClass.swift in Sources */ = {isa = PBXBuildFile; fileRef = 8631EC7A2A6A2DC4005234A0 /* Game+CoreDataClass.swift */; };
		8631EC7F2A6A2DC4005234A0 /* Game+CoreDataProperties.swift in Sources */ = {isa = PBXBuildFile; fileRef = 8631EC7B2A6A2DC4005234A0 /* Game+CoreDataProperties.swift */; };
		8631EC812A6A75C5005234A0 /* DataController.swift in Sources */ = {isa = PBXBuildFile; fileRef = 8631EC802A6A75C5005234A0 /* DataController.swift */; };
		8631EC852A6A7965005234A0 /* CreateNewGameView.swift in Sources */ = {isa = PBXBuildFile; fileRef = 8631EC842A6A7965005234A0 /* CreateNewGameView.swift */; };
		8631EC872A6AAB2D005234A0 /* ScoreCardView.swift in Sources */ = {isa = PBXBuildFile; fileRef = 8631EC862A6AAB2D005234A0 /* ScoreCardView.swift */; };
		8631EC892A6AABB0005234A0 /* GolfTipsView.swift in Sources */ = {isa = PBXBuildFile; fileRef = 8631EC882A6AABB0005234A0 /* GolfTipsView.swift */; };
		8631EC8B2A6AACA5005234A0 /* HistoryView.swift in Sources */ = {isa = PBXBuildFile; fileRef = 8631EC8A2A6AACA5005234A0 /* HistoryView.swift */; };
		8631EC8D2A6B58B4005234A0 /* GameView.swift in Sources */ = {isa = PBXBuildFile; fileRef = 8631EC8C2A6B58B4005234A0 /* GameView.swift */; };
		8631EC8F2A6B6566005234A0 /* AddHoleView.swift in Sources */ = {isa = PBXBuildFile; fileRef = 8631EC8E2A6B6566005234A0 /* AddHoleView.swift */; };
		86F43FEE2A716BD8008C2CE3 /* UpdateHoleView.swift in Sources */ = {isa = PBXBuildFile; fileRef = 86F43FED2A716BD8008C2CE3 /* UpdateHoleView.swift */; };
		86FB43BE2A69858C00C1639F /* MalloyGolfApp.swift in Sources */ = {isa = PBXBuildFile; fileRef = 86FB43BD2A69858C00C1639F /* MalloyGolfApp.swift */; };
		86FB43C02A69858C00C1639F /* ContentView.swift in Sources */ = {isa = PBXBuildFile; fileRef = 86FB43BF2A69858C00C1639F /* ContentView.swift */; };
		86FB43C22A69858E00C1639F /* Assets.xcassets in Resources */ = {isa = PBXBuildFile; fileRef = 86FB43C12A69858E00C1639F /* Assets.xcassets */; };
		86FB43C62A69858E00C1639F /* Preview Assets.xcassets in Resources */ = {isa = PBXBuildFile; fileRef = 86FB43C52A69858E00C1639F /* Preview Assets.xcassets */; };
		86FB43CF2A69909700C1639F /* Model.xcdatamodeld in Sources */ = {isa = PBXBuildFile; fileRef = 86FB43CD2A69909700C1639F /* Model.xcdatamodeld */; };
		86FB43DA2A6995CE00C1639F /* devData.swift in Sources */ = {isa = PBXBuildFile; fileRef = 86FB43D92A6995CE00C1639F /* devData.swift */; };
/* End PBXBuildFile section */

/* Begin PBXFileReference section */
		8631EC782A6A2DC4005234A0 /* Hole+CoreDataClass.swift */ = {isa = PBXFileReference; lastKnownFileType = sourcecode.swift; path = "Hole+CoreDataClass.swift"; sourceTree = "<group>"; };
		8631EC792A6A2DC4005234A0 /* Hole+CoreDataProperties.swift */ = {isa = PBXFileReference; lastKnownFileType = sourcecode.swift; path = "Hole+CoreDataProperties.swift"; sourceTree = "<group>"; };
		8631EC7A2A6A2DC4005234A0 /* Game+CoreDataClass.swift */ = {isa = PBXFileReference; lastKnownFileType = sourcecode.swift; path = "Game+CoreDataClass.swift"; sourceTree = "<group>"; };
		8631EC7B2A6A2DC4005234A0 /* Game+CoreDataProperties.swift */ = {isa = PBXFileReference; lastKnownFileType = sourcecode.swift; path = "Game+CoreDataProperties.swift"; sourceTree = "<group>"; };
		8631EC802A6A75C5005234A0 /* DataController.swift */ = {isa = PBXFileReference; lastKnownFileType = sourcecode.swift; path = DataController.swift; sourceTree = "<group>"; };
		8631EC842A6A7965005234A0 /* CreateNewGameView.swift */ = {isa = PBXFileReference; lastKnownFileType = sourcecode.swift; path = CreateNewGameView.swift; sourceTree = "<group>"; };
		8631EC862A6AAB2D005234A0 /* ScoreCardView.swift */ = {isa = PBXFileReference; lastKnownFileType = sourcecode.swift; path = ScoreCardView.swift; sourceTree = "<group>"; };
		8631EC882A6AABB0005234A0 /* GolfTipsView.swift */ = {isa = PBXFileReference; lastKnownFileType = sourcecode.swift; path = GolfTipsView.swift; sourceTree = "<group>"; };
		8631EC8A2A6AACA5005234A0 /* HistoryView.swift */ = {isa = PBXFileReference; lastKnownFileType = sourcecode.swift; path = HistoryView.swift; sourceTree = "<group>"; };
		8631EC8C2A6B58B4005234A0 /* GameView.swift */ = {isa = PBXFileReference; lastKnownFileType = sourcecode.swift; path = GameView.swift; sourceTree = "<group>"; };
		8631EC8E2A6B6566005234A0 /* AddHoleView.swift */ = {isa = PBXFileReference; lastKnownFileType = sourcecode.swift; path = AddHoleView.swift; sourceTree = "<group>"; };
		86F43FED2A716BD8008C2CE3 /* UpdateHoleView.swift */ = {isa = PBXFileReference; lastKnownFileType = sourcecode.swift; path = UpdateHoleView.swift; sourceTree = "<group>"; };
		86FB43BA2A69858C00C1639F /* MalloyGolf.app */ = {isa = PBXFileReference; explicitFileType = wrapper.application; includeInIndex = 0; path = MalloyGolf.app; sourceTree = BUILT_PRODUCTS_DIR; };
		86FB43BD2A69858C00C1639F /* MalloyGolfApp.swift */ = {isa = PBXFileReference; lastKnownFileType = sourcecode.swift; path = MalloyGolfApp.swift; sourceTree = "<group>"; };
		86FB43BF2A69858C00C1639F /* ContentView.swift */ = {isa = PBXFileReference; lastKnownFileType = sourcecode.swift; path = ContentView.swift; sourceTree = "<group>"; };
		86FB43C12A69858E00C1639F /* Assets.xcassets */ = {isa = PBXFileReference; lastKnownFileType = folder.assetcatalog; path = Assets.xcassets; sourceTree = "<group>"; };
		86FB43C32A69858E00C1639F /* MalloyGolf.entitlements */ = {isa = PBXFileReference; lastKnownFileType = text.plist.entitlements; path = MalloyGolf.entitlements; sourceTree = "<group>"; };
		86FB43C52A69858E00C1639F /* Preview Assets.xcassets */ = {isa = PBXFileReference; lastKnownFileType = folder.assetcatalog; path = "Preview Assets.xcassets"; sourceTree = "<group>"; };
		86FB43CE2A69909700C1639F /* Model.xcdatamodel */ = {isa = PBXFileReference; lastKnownFileType = wrapper.xcdatamodel; path = Model.xcdatamodel; sourceTree = "<group>"; };
		86FB43D92A6995CE00C1639F /* devData.swift */ = {isa = PBXFileReference; lastKnownFileType = sourcecode.swift; path = devData.swift; sourceTree = "<group>"; };
/* End PBXFileReference section */

/* Begin PBXFrameworksBuildPhase section */
		86FB43B72A69858C00C1639F /* Frameworks */ = {
			isa = PBXFrameworksBuildPhase;
			buildActionMask = 2147483647;
			files = (
			);
			runOnlyForDeploymentPostprocessing = 0;
		};
/* End PBXFrameworksBuildPhase section */

/* Begin PBXGroup section */
		86FB43B12A69858C00C1639F = {
			isa = PBXGroup;
			children = (
				86FB43BC2A69858C00C1639F /* MalloyGolf */,
				86FB43BB2A69858C00C1639F /* Products */,
			);
			sourceTree = "<group>";
		};
		86FB43BB2A69858C00C1639F /* Products */ = {
			isa = PBXGroup;
			children = (
				86FB43BA2A69858C00C1639F /* MalloyGolf.app */,
			);
			name = Products;
			sourceTree = "<group>";
		};
		86FB43BC2A69858C00C1639F /* MalloyGolf */ = {
			isa = PBXGroup;
			children = (
				86FB43BD2A69858C00C1639F /* MalloyGolfApp.swift */,
				8631EC802A6A75C5005234A0 /* DataController.swift */,
				86FB43CC2A69907700C1639F /* Views */,
				86FB43C12A69858E00C1639F /* Assets.xcassets */,
				86FB43C32A69858E00C1639F /* MalloyGolf.entitlements */,
				86FB43D02A6990AF00C1639F /* DB */,
				86FB43C42A69858E00C1639F /* Preview Content */,
			);
			path = MalloyGolf;
			sourceTree = "<group>";
		};
		86FB43C42A69858E00C1639F /* Preview Content */ = {
			isa = PBXGroup;
			children = (
				86FB43C52A69858E00C1639F /* Preview Assets.xcassets */,
			);
			path = "Preview Content";
			sourceTree = "<group>";
		};
		86FB43CC2A69907700C1639F /* Views */ = {
			isa = PBXGroup;
			children = (
				86FB43BF2A69858C00C1639F /* ContentView.swift */,
				8631EC8C2A6B58B4005234A0 /* GameView.swift */,
				8631EC8A2A6AACA5005234A0 /* HistoryView.swift */,
				8631EC882A6AABB0005234A0 /* GolfTipsView.swift */,
				8631EC862A6AAB2D005234A0 /* ScoreCardView.swift */,
				8631EC842A6A7965005234A0 /* CreateNewGameView.swift */,
				8631EC8E2A6B6566005234A0 /* AddHoleView.swift */,
				86F43FED2A716BD8008C2CE3 /* UpdateHoleView.swift */,
			);
			path = Views;
			sourceTree = "<group>";
		};
		86FB43D02A6990AF00C1639F /* DB */ = {
			isa = PBXGroup;
			children = (
				8631EC782A6A2DC4005234A0 /* Hole+CoreDataClass.swift */,
				8631EC792A6A2DC4005234A0 /* Hole+CoreDataProperties.swift */,
				8631EC7A2A6A2DC4005234A0 /* Game+CoreDataClass.swift */,
				8631EC7B2A6A2DC4005234A0 /* Game+CoreDataProperties.swift */,
				86FB43D92A6995CE00C1639F /* devData.swift */,
				86FB43CD2A69909700C1639F /* Model.xcdatamodeld */,
			);
			path = DB;
			sourceTree = "<group>";
		};
/* End PBXGroup section */

/* Begin PBXNativeTarget section */
		86FB43B92A69858C00C1639F /* MalloyGolf */ = {
			isa = PBXNativeTarget;
			buildConfigurationList = 86FB43C92A69858E00C1639F /* Build configuration list for PBXNativeTarget "MalloyGolf" */;
			buildPhases = (
				86FB43B62A69858C00C1639F /* Sources */,
				86FB43B72A69858C00C1639F /* Frameworks */,
				86FB43B82A69858C00C1639F /* Resources */,
			);
			buildRules = (
			);
			dependencies = (
			);
			name = MalloyGolf;
			productName = MalloyGolf;
			productReference = 86FB43BA2A69858C00C1639F /* MalloyGolf.app */;
			productType = "com.apple.product-type.application";
		};
/* End PBXNativeTarget section */

/* Begin PBXProject section */
		86FB43B22A69858C00C1639F /* Project object */ = {
			isa = PBXProject;
			attributes = {
				BuildIndependentTargetsInParallel = 1;
				LastSwiftUpdateCheck = 1430;
				LastUpgradeCheck = 1430;
				TargetAttributes = {
					86FB43B92A69858C00C1639F = {
						CreatedOnToolsVersion = 14.3.1;
					};
				};
			};
			buildConfigurationList = 86FB43B52A69858C00C1639F /* Build configuration list for PBXProject "MalloyGolf" */;
			compatibilityVersion = "Xcode 14.0";
			developmentRegion = en;
			hasScannedForEncodings = 0;
			knownRegions = (
				en,
				Base,
			);
			mainGroup = 86FB43B12A69858C00C1639F;
			productRefGroup = 86FB43BB2A69858C00C1639F /* Products */;
			projectDirPath = "";
			projectRoot = "";
			targets = (
				86FB43B92A69858C00C1639F /* MalloyGolf */,
			);
		};
/* End PBXProject section */

/* Begin PBXResourcesBuildPhase section */
		86FB43B82A69858C00C1639F /* Resources */ = {
			isa = PBXResourcesBuildPhase;
			buildActionMask = 2147483647;
			files = (
				86FB43C62A69858E00C1639F /* Preview Assets.xcassets in Resources */,
				86FB43C22A69858E00C1639F /* Assets.xcassets in Resources */,
			);
			runOnlyForDeploymentPostprocessing = 0;
		};
/* End PBXResourcesBuildPhase section */

/* Begin PBXSourcesBuildPhase section */
		86FB43B62A69858C00C1639F /* Sources */ = {
			isa = PBXSourcesBuildPhase;
			buildActionMask = 2147483647;
			files = (
				8631EC8F2A6B6566005234A0 /* AddHoleView.swift in Sources */,
				86FB43DA2A6995CE00C1639F /* devData.swift in Sources */,
				8631EC7D2A6A2DC4005234A0 /* Hole+CoreDataProperties.swift in Sources */,
				86FB43C02A69858C00C1639F /* ContentView.swift in Sources */,
				8631EC7C2A6A2DC4005234A0 /* Hole+CoreDataClass.swift in Sources */,
				8631EC8B2A6AACA5005234A0 /* HistoryView.swift in Sources */,
				8631EC812A6A75C5005234A0 /* DataController.swift in Sources */,
				8631EC8D2A6B58B4005234A0 /* GameView.swift in Sources */,
				86FB43BE2A69858C00C1639F /* MalloyGolfApp.swift in Sources */,
				8631EC7F2A6A2DC4005234A0 /* Game+CoreDataProperties.swift in Sources */,
				8631EC852A6A7965005234A0 /* CreateNewGameView.swift in Sources */,
				8631EC892A6AABB0005234A0 /* GolfTipsView.swift in Sources */,
				8631EC872A6AAB2D005234A0 /* ScoreCardView.swift in Sources */,
				86F43FEE2A716BD8008C2CE3 /* UpdateHoleView.swift in Sources */,
				86FB43CF2A69909700C1639F /* Model.xcdatamodeld in Sources */,
				8631EC7E2A6A2DC4005234A0 /* Game+CoreDataClass.swift in Sources */,
			);
			runOnlyForDeploymentPostprocessing = 0;
		};
/* End PBXSourcesBuildPhase section */

/* Begin XCBuildConfiguration section */
		86FB43C72A69858E00C1639F /* Debug */ = {
			isa = XCBuildConfiguration;
			buildSettings = {
				ALWAYS_SEARCH_USER_PATHS = NO;
				CLANG_ANALYZER_NONNULL = YES;
				CLANG_ANALYZER_NUMBER_OBJECT_CONVERSION = YES_AGGRESSIVE;
				CLANG_CXX_LANGUAGE_STANDARD = "gnu++20";
				CLANG_ENABLE_MODULES = YES;
				CLANG_ENABLE_OBJC_ARC = YES;
				CLANG_ENABLE_OBJC_WEAK = YES;
				CLANG_WARN_BLOCK_CAPTURE_AUTORELEASING = YES;
				CLANG_WARN_BOOL_CONVERSION = YES;
				CLANG_WARN_COMMA = YES;
				CLANG_WARN_CONSTANT_CONVERSION = YES;
				CLANG_WARN_DEPRECATED_OBJC_IMPLEMENTATIONS = YES;
				CLANG_WARN_DIRECT_OBJC_ISA_USAGE = YES_ERROR;
				CLANG_WARN_DOCUMENTATION_COMMENTS = YES;
				CLANG_WARN_EMPTY_BODY = YES;
				CLANG_WARN_ENUM_CONVERSION = YES;
				CLANG_WARN_INFINITE_RECURSION = YES;
				CLANG_WARN_INT_CONVERSION = YES;
				CLANG_WARN_NON_LITERAL_NULL_CONVERSION = YES;
				CLANG_WARN_OBJC_IMPLICIT_RETAIN_SELF = YES;
				CLANG_WARN_OBJC_LITERAL_CONVERSION = YES;
				CLANG_WARN_OBJC_ROOT_CLASS = YES_ERROR;
				CLANG_WARN_QUOTED_INCLUDE_IN_FRAMEWORK_HEADER = YES;
				CLANG_WARN_RANGE_LOOP_ANALYSIS = YES;
				CLANG_WARN_STRICT_PROTOTYPES = YES;
				CLANG_WARN_SUSPICIOUS_MOVE = YES;
				CLANG_WARN_UNGUARDED_AVAILABILITY = YES_AGGRESSIVE;
				CLANG_WARN_UNREACHABLE_CODE = YES;
				CLANG_WARN__DUPLICATE_METHOD_MATCH = YES;
				COPY_PHASE_STRIP = NO;
				DEBUG_INFORMATION_FORMAT = dwarf;
				ENABLE_STRICT_OBJC_MSGSEND = YES;
				ENABLE_TESTABILITY = YES;
				GCC_C_LANGUAGE_STANDARD = gnu11;
				GCC_DYNAMIC_NO_PIC = NO;
				GCC_NO_COMMON_BLOCKS = YES;
				GCC_OPTIMIZATION_LEVEL = 0;
				GCC_PREPROCESSOR_DEFINITIONS = (
					"DEBUG=1",
					"$(inherited)",
				);
				GCC_WARN_64_TO_32_BIT_CONVERSION = YES;
				GCC_WARN_ABOUT_RETURN_TYPE = YES_ERROR;
				GCC_WARN_UNDECLARED_SELECTOR = YES;
				GCC_WARN_UNINITIALIZED_AUTOS = YES_AGGRESSIVE;
				GCC_WARN_UNUSED_FUNCTION = YES;
				GCC_WARN_UNUSED_VARIABLE = YES;
				MTL_ENABLE_DEBUG_INFO = INCLUDE_SOURCE;
				MTL_FAST_MATH = YES;
				ONLY_ACTIVE_ARCH = YES;
				SWIFT_ACTIVE_COMPILATION_CONDITIONS = DEBUG;
				SWIFT_OPTIMIZATION_LEVEL = "-Onone";
			};
			name = Debug;
		};
		86FB43C82A69858E00C1639F /* Release */ = {
			isa = XCBuildConfiguration;
			buildSettings = {
				ALWAYS_SEARCH_USER_PATHS = NO;
				CLANG_ANALYZER_NONNULL = YES;
				CLANG_ANALYZER_NUMBER_OBJECT_CONVERSION = YES_AGGRESSIVE;
				CLANG_CXX_LANGUAGE_STANDARD = "gnu++20";
				CLANG_ENABLE_MODULES = YES;
				CLANG_ENABLE_OBJC_ARC = YES;
				CLANG_ENABLE_OBJC_WEAK = YES;
				CLANG_WARN_BLOCK_CAPTURE_AUTORELEASING = YES;
				CLANG_WARN_BOOL_CONVERSION = YES;
				CLANG_WARN_COMMA = YES;
				CLANG_WARN_CONSTANT_CONVERSION = YES;
				CLANG_WARN_DEPRECATED_OBJC_IMPLEMENTATIONS = YES;
				CLANG_WARN_DIRECT_OBJC_ISA_USAGE = YES_ERROR;
				CLANG_WARN_DOCUMENTATION_COMMENTS = YES;
				CLANG_WARN_EMPTY_BODY = YES;
				CLANG_WARN_ENUM_CONVERSION = YES;
				CLANG_WARN_INFINITE_RECURSION = YES;
				CLANG_WARN_INT_CONVERSION = YES;
				CLANG_WARN_NON_LITERAL_NULL_CONVERSION = YES;
				CLANG_WARN_OBJC_IMPLICIT_RETAIN_SELF = YES;
				CLANG_WARN_OBJC_LITERAL_CONVERSION = YES;
				CLANG_WARN_OBJC_ROOT_CLASS = YES_ERROR;
				CLANG_WARN_QUOTED_INCLUDE_IN_FRAMEWORK_HEADER = YES;
				CLANG_WARN_RANGE_LOOP_ANALYSIS = YES;
				CLANG_WARN_STRICT_PROTOTYPES = YES;
				CLANG_WARN_SUSPICIOUS_MOVE = YES;
				CLANG_WARN_UNGUARDED_AVAILABILITY = YES_AGGRESSIVE;
				CLANG_WARN_UNREACHABLE_CODE = YES;
				CLANG_WARN__DUPLICATE_METHOD_MATCH = YES;
				COPY_PHASE_STRIP = NO;
				DEBUG_INFORMATION_FORMAT = "dwarf-with-dsym";
				ENABLE_NS_ASSERTIONS = NO;
				ENABLE_STRICT_OBJC_MSGSEND = YES;
				GCC_C_LANGUAGE_STANDARD = gnu11;
				GCC_NO_COMMON_BLOCKS = YES;
				GCC_WARN_64_TO_32_BIT_CONVERSION = YES;
				GCC_WARN_ABOUT_RETURN_TYPE = YES_ERROR;
				GCC_WARN_UNDECLARED_SELECTOR = YES;
				GCC_WARN_UNINITIALIZED_AUTOS = YES_AGGRESSIVE;
				GCC_WARN_UNUSED_FUNCTION = YES;
				GCC_WARN_UNUSED_VARIABLE = YES;
				MTL_ENABLE_DEBUG_INFO = NO;
				MTL_FAST_MATH = YES;
				SWIFT_COMPILATION_MODE = wholemodule;
				SWIFT_OPTIMIZATION_LEVEL = "-O";
			};
			name = Release;
		};
		86FB43CA2A69858E00C1639F /* Debug */ = {
			isa = XCBuildConfiguration;
			buildSettings = {
				ASSETCATALOG_COMPILER_APPICON_NAME = AppIcon;
				ASSETCATALOG_COMPILER_GLOBAL_ACCENT_COLOR_NAME = AccentColor;
				CODE_SIGN_ENTITLEMENTS = MalloyGolf/MalloyGolf.entitlements;
				CODE_SIGN_STYLE = Automatic;
				CURRENT_PROJECT_VERSION = 1;
				DEVELOPMENT_ASSET_PATHS = "\"MalloyGolf/Preview Content\"";
				DEVELOPMENT_TEAM = 68X3337MFY;
				ENABLE_HARDENED_RUNTIME = YES;
				ENABLE_PREVIEWS = YES;
				GENERATE_INFOPLIST_FILE = YES;
				"INFOPLIST_KEY_UIApplicationSceneManifest_Generation[sdk=iphoneos*]" = YES;
				"INFOPLIST_KEY_UIApplicationSceneManifest_Generation[sdk=iphonesimulator*]" = YES;
				"INFOPLIST_KEY_UIApplicationSupportsIndirectInputEvents[sdk=iphoneos*]" = YES;
				"INFOPLIST_KEY_UIApplicationSupportsIndirectInputEvents[sdk=iphonesimulator*]" = YES;
				"INFOPLIST_KEY_UILaunchScreen_Generation[sdk=iphoneos*]" = YES;
				"INFOPLIST_KEY_UILaunchScreen_Generation[sdk=iphonesimulator*]" = YES;
				"INFOPLIST_KEY_UIStatusBarStyle[sdk=iphoneos*]" = UIStatusBarStyleDefault;
				"INFOPLIST_KEY_UIStatusBarStyle[sdk=iphonesimulator*]" = UIStatusBarStyleDefault;
				INFOPLIST_KEY_UISupportedInterfaceOrientations_iPad = "UIInterfaceOrientationPortrait UIInterfaceOrientationPortraitUpsideDown UIInterfaceOrientationLandscapeLeft UIInterfaceOrientationLandscapeRight";
				INFOPLIST_KEY_UISupportedInterfaceOrientations_iPhone = "UIInterfaceOrientationPortrait UIInterfaceOrientationLandscapeLeft UIInterfaceOrientationLandscapeRight";
				IPHONEOS_DEPLOYMENT_TARGET = 16.4;
				LD_RUNPATH_SEARCH_PATHS = "@executable_path/Frameworks";
				"LD_RUNPATH_SEARCH_PATHS[sdk=macosx*]" = "@executable_path/../Frameworks";
				MACOSX_DEPLOYMENT_TARGET = 13.1;
				MARKETING_VERSION = 1.0;
				PRODUCT_BUNDLE_IDENTIFIER = "ian-malloy.MalloyGolf";
				PRODUCT_NAME = "$(TARGET_NAME)";
				SDKROOT = auto;
				SUPPORTED_PLATFORMS = "iphoneos iphonesimulator macosx";
				SWIFT_EMIT_LOC_STRINGS = YES;
				SWIFT_VERSION = 5.0;
				TARGETED_DEVICE_FAMILY = "1,2";
			};
			name = Debug;
		};
		86FB43CB2A69858E00C1639F /* Release */ = {
			isa = XCBuildConfiguration;
			buildSettings = {
				ASSETCATALOG_COMPILER_APPICON_NAME = AppIcon;
				ASSETCATALOG_COMPILER_GLOBAL_ACCENT_COLOR_NAME = AccentColor;
				CODE_SIGN_ENTITLEMENTS = MalloyGolf/MalloyGolf.entitlements;
				CODE_SIGN_STYLE = Automatic;
				CURRENT_PROJECT_VERSION = 1;
				DEVELOPMENT_ASSET_PATHS = "\"MalloyGolf/Preview Content\"";
				DEVELOPMENT_TEAM = 68X3337MFY;
				ENABLE_HARDENED_RUNTIME = YES;
				ENABLE_PREVIEWS = YES;
				GENERATE_INFOPLIST_FILE = YES;
				"INFOPLIST_KEY_UIApplicationSceneManifest_Generation[sdk=iphoneos*]" = YES;
				"INFOPLIST_KEY_UIApplicationSceneManifest_Generation[sdk=iphonesimulator*]" = YES;
				"INFOPLIST_KEY_UIApplicationSupportsIndirectInputEvents[sdk=iphoneos*]" = YES;
				"INFOPLIST_KEY_UIApplicationSupportsIndirectInputEvents[sdk=iphonesimulator*]" = YES;
				"INFOPLIST_KEY_UILaunchScreen_Generation[sdk=iphoneos*]" = YES;
				"INFOPLIST_KEY_UILaunchScreen_Generation[sdk=iphonesimulator*]" = YES;
				"INFOPLIST_KEY_UIStatusBarStyle[sdk=iphoneos*]" = UIStatusBarStyleDefault;
				"INFOPLIST_KEY_UIStatusBarStyle[sdk=iphonesimulator*]" = UIStatusBarStyleDefault;
				INFOPLIST_KEY_UISupportedInterfaceOrientations_iPad = "UIInterfaceOrientationPortrait UIInterfaceOrientationPortraitUpsideDown UIInterfaceOrientationLandscapeLeft UIInterfaceOrientationLandscapeRight";
				INFOPLIST_KEY_UISupportedInterfaceOrientations_iPhone = "UIInterfaceOrientationPortrait UIInterfaceOrientationLandscapeLeft UIInterfaceOrientationLandscapeRight";
				IPHONEOS_DEPLOYMENT_TARGET = 16.4;
				LD_RUNPATH_SEARCH_PATHS = "@executable_path/Frameworks";
				"LD_RUNPATH_SEARCH_PATHS[sdk=macosx*]" = "@executable_path/../Frameworks";
				MACOSX_DEPLOYMENT_TARGET = 13.1;
				MARKETING_VERSION = 1.0;
				PRODUCT_BUNDLE_IDENTIFIER = "ian-malloy.MalloyGolf";
				PRODUCT_NAME = "$(TARGET_NAME)";
				SDKROOT = auto;
				SUPPORTED_PLATFORMS = "iphoneos iphonesimulator macosx";
				SWIFT_EMIT_LOC_STRINGS = YES;
				SWIFT_VERSION = 5.0;
				TARGETED_DEVICE_FAMILY = "1,2";
			};
			name = Release;
		};
/* End XCBuildConfiguration section */

/* Begin XCConfigurationList section */
		86FB43B52A69858C00C1639F /* Build configuration list for PBXProject "MalloyGolf" */ = {
			isa = XCConfigurationList;
			buildConfigurations = (
				86FB43C72A69858E00C1639F /* Debug */,
				86FB43C82A69858E00C1639F /* Release */,
			);
			defaultConfigurationIsVisible = 0;
			defaultConfigurationName = Release;
		};
		86FB43C92A69858E00C1639F /* Build configuration list for PBXNativeTarget "MalloyGolf" */ = {
			isa = XCConfigurationList;
			buildConfigurations = (
				86FB43CA2A69858E00C1639F /* Debug */,
				86FB43CB2A69858E00C1639F /* Release */,
			);
			defaultConfigurationIsVisible = 0;
			defaultConfigurationName = Release;
		};
/* End XCConfigurationList section */

/* Begin XCVersionGroup section */
		86FB43CD2A69909700C1639F /* Model.xcdatamodeld */ = {
			isa = XCVersionGroup;
			children = (
				86FB43CE2A69909700C1639F /* Model.xcdatamodel */,
			);
			currentVersion = 86FB43CE2A69909700C1639F /* Model.xcdatamodel */;
			path = Model.xcdatamodeld;
			sourceTree = "<group>";
			versionGroupType = wrapper.xcdatamodel;
		};
/* End XCVersionGroup section */
	};
	rootObject = 86FB43B22A69858C00C1639F /* Project object */;
}
